{
  "name": "paulcalendar",
  "version": "1.0.0",
  "lockfileVersion": 3,
  "requires": true,
  "packages": {
    "": {
      "name": "paulcalendar",
      "version": "1.0.0",
      "license": "ISC",
      "dependencies": {
        "suncalc": "^2.0.1"
      }
    },
    "node_modules/suncalc": {
      "version": "2.0.1",
      "resolved": "https://registry.npmjs.org/suncalc/-/suncalc-2.0.1.tgz",
      "integrity": "sha512-wjujU+HpsP1TUvN3/9dFkVQQCsMZbk7PkdZsASRJR4jVPHCm9Qy0FVkFTqXfs70Ag2yheN7ZUavzCyOjhJDGxQ=="
    }
  }
}
